{
  "name": "go-todos-templ-htmx",
  "lockfileVersion": 3,
  "requires": true,
  "packages": {
    "": {
      "name": "go-todos-templ-htmx",
      "dependencies": {
        "@picocss/pico": "2.0.6",
        "htmx.org": "2.0.0"
      }
    },
    "node_modules/@picocss/pico": {
      "version": "2.0.6",
      "resolved": "https://registry.npmjs.org/@picocss/pico/-/pico-2.0.6.tgz",
      "integrity": "sha512-/d8qsykowelD6g8k8JYgmCagOIulCPHMEc2NC4u7OjmpQLmtSetLhEbt0j1n3fPNJVcrT84dRp0RfJBn3wJROA==",
      "engines": {
        "node": ">=18.19.0"
      }
    },
    "node_modules/htmx.org": {
      "version": "2.0.0",
      "resolved": "https://registry.npmjs.org/htmx.org/-/htmx.org-2.0.0.tgz",
      "integrity": "sha512-N0r1VjrqeCpig0mTi2/sooDZBeQlp1RBohnWQ/ufqc7ICaI0yjs04fNGhawm6+/HWhJFlcXn8MqOjWI9QGG2lQ=="
    }
  }
}
