{
  "name": "go-todos-templ-htmx",
  "lockfileVersion": 3,
  "requires": true,
  "packages": {
    "": {
      "name": "go-todos-templ-htmx",
      "dependencies": {
        "@picocss/pico": "2.0.3",
        "htmx.org": "1.9.9"
      }
    },
    "node_modules/@picocss/pico": {
      "version": "2.0.3",
      "resolved": "https://registry.npmjs.org/@picocss/pico/-/pico-2.0.3.tgz",
      "integrity": "sha512-uIWvDcZnbA+oo4mpz8LeA05huCWbDnUz8Ad2NZXTFn6SrEXBtIdKDu+/bOD4oI8hJHp6dUEEvDLim2+qqSgruQ==",
      "engines": {
        "node": ">=18.19.0"
      }
    },
    "node_modules/htmx.org": {
      "version": "1.9.9",
      "resolved": "https://registry.npmjs.org/htmx.org/-/htmx.org-1.9.9.tgz",
      "integrity": "sha512-PDEZU1me7UGLzQk98LyfLvwFgdtn9mrCVMmAxv1/UjshUnxsc+rouu+Ot2QfFZxsY4mBCoOed5nK7m9Nj2Tu7g=="
    }
  }
}
